
Microsoft Visual Studio Solution File, Format Version 12.00
Project("{FAE04EC0-301F-11D3-BF4B-00C04F79EFBC}") = "Flow", "Flow\Flow.csproj", "{2CC16A40-D081-4EE9-AAC6-461CBB633D2E}"
EndProject
Global
	GlobalSection(SolutionConfigurationPlatforms) = preSolution
		Debug|Any CPU = Debug|Any CPU
		Release|Any CPU = Release|Any CPU
	EndGlobalSection
	GlobalSection(ProjectConfigurationPlatforms) = postSolution
		{2CC16A40-D081-4EE9-AAC6-461CBB633D2E}.Debug|Any CPU.ActiveCfg = Debug|Any CPU
		{2CC16A40-D081-4EE9-AAC6-461CBB633D2E}.Debug|Any CPU.Build.0 = Debug|Any CPU
		{2CC16A40-D081-4EE9-AAC6-461CBB633D2E}.Release|Any CPU.ActiveCfg = Release|Any CPU
		{2CC16A40-D081-4EE9-AAC6-461CBB633D2E}.Release|Any CPU.Build.0 = Release|Any CPU
	EndGlobalSection
EndGlobal
